
Microsoft Visual Studio Solution File, Format Version 12.00
# Visual Studio Version 17
VisualStudioVersion = 17.10.34916.146
MinimumVisualStudioVersion = 10.0.40219.1
Project("{9A19103F-16F7-4668-BE54-9A1E7A4F7556}") = "StudentName_ClassCode_A01", "StudentName_ClassCode_A01.sln\StudentName_ClassCode_A01.csproj", "{534C0FBF-F736-4610-A655-F922754F3378}"
EndProject
Project("{9A19103F-16F7-4668-BE54-9A1E7A4F7556}") = "DataAccessLayer", "DataAccessLayer\DataAccessLayer.csproj", "{AA44B50E-543B-4303-A943-977F9550482F}"
EndProject
Project("{9A19103F-16F7-4668-BE54-9A1E7A4F7556}") = "BusinessObject", "BusinessObject\BusinessObject.csproj", "{4C3D73EB-CC6F-4275-800D-39CEB73F498E}"
EndProject
Global
	GlobalSection(SolutionConfigurationPlatforms) = preSolution
		Debug|Any CPU = Debug|Any CPU
		Release|Any CPU = Release|Any CPU
	EndGlobalSection
	GlobalSection(ProjectConfigurationPlatforms) = postSolution
		{534C0FBF-F736-4610-A655-F922754F3378}.Debug|Any CPU.ActiveCfg = Debug|Any CPU
		{534C0FBF-F736-4610-A655-F922754F3378}.Debug|Any CPU.Build.0 = Debug|Any CPU
		{534C0FBF-F736-4610-A655-F922754F3378}.Release|Any CPU.ActiveCfg = Release|Any CPU
		{534C0FBF-F736-4610-A655-F922754F3378}.Release|Any CPU.Build.0 = Release|Any CPU
		{AA44B50E-543B-4303-A943-977F9550482F}.Debug|Any CPU.ActiveCfg = Debug|Any CPU
		{AA44B50E-543B-4303-A943-977F9550482F}.Debug|Any CPU.Build.0 = Debug|Any CPU
		{AA44B50E-543B-4303-A943-977F9550482F}.Release|Any CPU.ActiveCfg = Release|Any CPU
		{AA44B50E-543B-4303-A943-977F9550482F}.Release|Any CPU.Build.0 = Release|Any CPU
		{4C3D73EB-CC6F-4275-800D-39CEB73F498E}.Debug|Any CPU.ActiveCfg = Debug|Any CPU
		{4C3D73EB-CC6F-4275-800D-39CEB73F498E}.Debug|Any CPU.Build.0 = Debug|Any CPU
		{4C3D73EB-CC6F-4275-800D-39CEB73F498E}.Release|Any CPU.ActiveCfg = Release|Any CPU
		{4C3D73EB-CC6F-4275-800D-39CEB73F498E}.Release|Any CPU.Build.0 = Release|Any CPU
	EndGlobalSection
	GlobalSection(SolutionProperties) = preSolution
		HideSolutionNode = FALSE
	EndGlobalSection
	GlobalSection(ExtensibilityGlobals) = postSolution
		SolutionGuid = {6955AE34-230E-4262-ABE2-C04E00C359E7}
	EndGlobalSection
EndGlobal
